
Microsoft Visual Studio Solution File, Format Version 12.00
# Visual Studio 2012
Project("{FAE04EC0-301F-11D3-BF4B-00C04F79EFBC}") = "Realeyes.WebUI", "Realeyes.WebUI\Realeyes.WebUI.csproj", "{DD0AAB29-01A5-49D3-B635-89FF0DEA27B6}"
EndProject
Project("{FAE04EC0-301F-11D3-BF4B-00C04F79EFBC}") = "Realeyes.UnitTests", "Realeyes.UnitTest\Realeyes.UnitTests.csproj", "{A6BE4C11-8785-49C8-BD0A-23250C69BADF}"
EndProject
Global
	GlobalSection(SolutionConfigurationPlatforms) = preSolution
		Debug|Any CPU = Debug|Any CPU
		Release|Any CPU = Release|Any CPU
	EndGlobalSection
	GlobalSection(ProjectConfigurationPlatforms) = postSolution
		{DD0AAB29-01A5-49D3-B635-89FF0DEA27B6}.Debug|Any CPU.ActiveCfg = Debug|Any CPU
		{DD0AAB29-01A5-49D3-B635-89FF0DEA27B6}.Debug|Any CPU.Build.0 = Debug|Any CPU
		{DD0AAB29-01A5-49D3-B635-89FF0DEA27B6}.Release|Any CPU.ActiveCfg = Release|Any CPU
		{DD0AAB29-01A5-49D3-B635-89FF0DEA27B6}.Release|Any CPU.Build.0 = Release|Any CPU
		{A6BE4C11-8785-49C8-BD0A-23250C69BADF}.Debug|Any CPU.ActiveCfg = Debug|Any CPU
		{A6BE4C11-8785-49C8-BD0A-23250C69BADF}.Debug|Any CPU.Build.0 = Debug|Any CPU
		{A6BE4C11-8785-49C8-BD0A-23250C69BADF}.Release|Any CPU.ActiveCfg = Release|Any CPU
		{A6BE4C11-8785-49C8-BD0A-23250C69BADF}.Release|Any CPU.Build.0 = Release|Any CPU
	EndGlobalSection
	GlobalSection(SolutionProperties) = preSolution
		HideSolutionNode = FALSE
	EndGlobalSection
EndGlobal
